
Microsoft Visual Studio Solution File, Format Version 12.00
# Visual Studio 15
VisualStudioVersion = 15.0.28010.2050
MinimumVisualStudioVersion = 10.0.40219.1
Project("{FAE04EC0-301F-11D3-BF4B-00C04F79EFBC}") = "BolgUI", "BolgUI\BolgUI.csproj", "{668599A4-1E30-4105-A41B-046815FD8BAF}"
EndProject
Global
	GlobalSection(SolutionConfigurationPlatforms) = preSolution
		Debug|Any CPU = Debug|Any CPU
		Release|Any CPU = Release|Any CPU
	EndGlobalSection
	GlobalSection(ProjectConfigurationPlatforms) = postSolution
		{668599A4-1E30-4105-A41B-046815FD8BAF}.Debug|Any CPU.ActiveCfg = Debug|Any CPU
		{668599A4-1E30-4105-A41B-046815FD8BAF}.Debug|Any CPU.Build.0 = Debug|Any CPU
		{668599A4-1E30-4105-A41B-046815FD8BAF}.Release|Any CPU.ActiveCfg = Release|Any CPU
		{668599A4-1E30-4105-A41B-046815FD8BAF}.Release|Any CPU.Build.0 = Release|Any CPU
	EndGlobalSection
	GlobalSection(SolutionProperties) = preSolution
		HideSolutionNode = FALSE
	EndGlobalSection
	GlobalSection(ExtensibilityGlobals) = postSolution
		SolutionGuid = {FE7D4EF4-E3A7-49F6-BBAD-4302EE5D3AC8}
	EndGlobalSection
EndGlobal
